
Microsoft Visual Studio Solution File, Format Version 12.00
# Visual Studio Version 16
VisualStudioVersion = 16.0.30223.230
MinimumVisualStudioVersion = 10.0.40219.1
Project("{2150E333-8FDC-42A3-9474-1A3956D46DE8}") = "BLL", "BLL", "{F93E28BC-DC97-415E-AA5B-5A36536B9A9E}"
EndProject
Project("{2150E333-8FDC-42A3-9474-1A3956D46DE8}") = "Contracts", "Contracts", "{2E291544-B661-445A-9686-460EA5618DEC}"
EndProject
Project("{2150E333-8FDC-42A3-9474-1A3956D46DE8}") = "DAL", "DAL", "{F2B70F6F-4CF0-45E1-8DA0-0D1E88052C9C}"
EndProject
Project("{2150E333-8FDC-42A3-9474-1A3956D46DE8}") = "App", "App", "{C9A8CECC-3B99-44EB-A979-B6061EE8F18C}"
EndProject
Project("{9A19103F-16F7-4668-BE54-9A1E7A4F7556}") = "DALimpSQL", "DALimpSQL\DALimpSQL.csproj", "{ED9A8F9D-5D62-4704-B9ED-C1886F4CE829}"
EndProject
Project("{9A19103F-16F7-4668-BE54-9A1E7A4F7556}") = "NUnitTestProject1", "NUnitTestProject1\NUnitTestProject1.csproj", "{C0D37CEB-376E-4F15-BA5D-EA2DFD438F06}"
EndProject
Project("{9A19103F-16F7-4668-BE54-9A1E7A4F7556}") = "MarkerImagesDAL", "MarkerDAL\MarkerImagesDAL.csproj", "{C1B44D63-E0B8-4F3A-B438-1C5447231067}"
EndProject
Project("{9A19103F-16F7-4668-BE54-9A1E7A4F7556}") = "MarkerContracts", "MarkerContracts\MarkerContracts.csproj", "{41A6F329-D965-44B2-AF18-882C8E83A085}"
EndProject
Project("{9A19103F-16F7-4668-BE54-9A1E7A4F7556}") = "MarkerImagesServiceImp", "MarkerImagesServiceImp\MarkerImagesServiceImp.csproj", "{1B84E98E-3DC0-4C0B-BC93-1922E380D282}"
EndProject
Project("{9A19103F-16F7-4668-BE54-9A1E7A4F7556}") = "MarkerIMG", "MarkerIMG\MarkerIMG.csproj", "{84029042-33DA-4D02-B905-79ED781556A0}"
EndProject
Project("{9A19103F-16F7-4668-BE54-9A1E7A4F7556}") = "NUnitTestProject2", "NUnitTestProject2\NUnitTestProject2.csproj", "{956D0070-3582-4905-B9C7-D4038D9DEA89}"
EndProject
Project("{9A19103F-16F7-4668-BE54-9A1E7A4F7556}") = "NUnitTestProject3", "NUnitTestProject3\NUnitTestProject3.csproj", "{B60D66AA-3709-4508-BC7D-05E0A7F3BC47}"
EndProject
Global
	GlobalSection(SolutionConfigurationPlatforms) = preSolution
		Debug|Any CPU = Debug|Any CPU
		Release|Any CPU = Release|Any CPU
	EndGlobalSection
	GlobalSection(ProjectConfigurationPlatforms) = postSolution
		{ED9A8F9D-5D62-4704-B9ED-C1886F4CE829}.Debug|Any CPU.ActiveCfg = Debug|Any CPU
		{ED9A8F9D-5D62-4704-B9ED-C1886F4CE829}.Debug|Any CPU.Build.0 = Debug|Any CPU
		{ED9A8F9D-5D62-4704-B9ED-C1886F4CE829}.Release|Any CPU.ActiveCfg = Release|Any CPU
		{ED9A8F9D-5D62-4704-B9ED-C1886F4CE829}.Release|Any CPU.Build.0 = Release|Any CPU
		{C0D37CEB-376E-4F15-BA5D-EA2DFD438F06}.Debug|Any CPU.ActiveCfg = Debug|Any CPU
		{C0D37CEB-376E-4F15-BA5D-EA2DFD438F06}.Debug|Any CPU.Build.0 = Debug|Any CPU
		{C0D37CEB-376E-4F15-BA5D-EA2DFD438F06}.Release|Any CPU.ActiveCfg = Release|Any CPU
		{C0D37CEB-376E-4F15-BA5D-EA2DFD438F06}.Release|Any CPU.Build.0 = Release|Any CPU
		{C1B44D63-E0B8-4F3A-B438-1C5447231067}.Debug|Any CPU.ActiveCfg = Debug|Any CPU
		{C1B44D63-E0B8-4F3A-B438-1C5447231067}.Debug|Any CPU.Build.0 = Debug|Any CPU
		{C1B44D63-E0B8-4F3A-B438-1C5447231067}.Release|Any CPU.ActiveCfg = Release|Any CPU
		{C1B44D63-E0B8-4F3A-B438-1C5447231067}.Release|Any CPU.Build.0 = Release|Any CPU
		{41A6F329-D965-44B2-AF18-882C8E83A085}.Debug|Any CPU.ActiveCfg = Debug|Any CPU
		{41A6F329-D965-44B2-AF18-882C8E83A085}.Debug|Any CPU.Build.0 = Debug|Any CPU
		{41A6F329-D965-44B2-AF18-882C8E83A085}.Release|Any CPU.ActiveCfg = Release|Any CPU
		{41A6F329-D965-44B2-AF18-882C8E83A085}.Release|Any CPU.Build.0 = Release|Any CPU
		{1B84E98E-3DC0-4C0B-BC93-1922E380D282}.Debug|Any CPU.ActiveCfg = Debug|Any CPU
		{1B84E98E-3DC0-4C0B-BC93-1922E380D282}.Debug|Any CPU.Build.0 = Debug|Any CPU
		{1B84E98E-3DC0-4C0B-BC93-1922E380D282}.Release|Any CPU.ActiveCfg = Release|Any CPU
		{1B84E98E-3DC0-4C0B-BC93-1922E380D282}.Release|Any CPU.Build.0 = Release|Any CPU
		{84029042-33DA-4D02-B905-79ED781556A0}.Debug|Any CPU.ActiveCfg = Debug|Any CPU
		{84029042-33DA-4D02-B905-79ED781556A0}.Debug|Any CPU.Build.0 = Debug|Any CPU
		{84029042-33DA-4D02-B905-79ED781556A0}.Release|Any CPU.ActiveCfg = Release|Any CPU
		{84029042-33DA-4D02-B905-79ED781556A0}.Release|Any CPU.Build.0 = Release|Any CPU
		{956D0070-3582-4905-B9C7-D4038D9DEA89}.Debug|Any CPU.ActiveCfg = Debug|Any CPU
		{956D0070-3582-4905-B9C7-D4038D9DEA89}.Debug|Any CPU.Build.0 = Debug|Any CPU
		{956D0070-3582-4905-B9C7-D4038D9DEA89}.Release|Any CPU.ActiveCfg = Release|Any CPU
		{956D0070-3582-4905-B9C7-D4038D9DEA89}.Release|Any CPU.Build.0 = Release|Any CPU
		{B60D66AA-3709-4508-BC7D-05E0A7F3BC47}.Debug|Any CPU.ActiveCfg = Debug|Any CPU
		{B60D66AA-3709-4508-BC7D-05E0A7F3BC47}.Debug|Any CPU.Build.0 = Debug|Any CPU
		{B60D66AA-3709-4508-BC7D-05E0A7F3BC47}.Release|Any CPU.ActiveCfg = Release|Any CPU
		{B60D66AA-3709-4508-BC7D-05E0A7F3BC47}.Release|Any CPU.Build.0 = Release|Any CPU
	EndGlobalSection
	GlobalSection(SolutionProperties) = preSolution
		HideSolutionNode = FALSE
	EndGlobalSection
	GlobalSection(NestedProjects) = preSolution
		{ED9A8F9D-5D62-4704-B9ED-C1886F4CE829} = {F2B70F6F-4CF0-45E1-8DA0-0D1E88052C9C}
		{C0D37CEB-376E-4F15-BA5D-EA2DFD438F06} = {F2B70F6F-4CF0-45E1-8DA0-0D1E88052C9C}
		{C1B44D63-E0B8-4F3A-B438-1C5447231067} = {F2B70F6F-4CF0-45E1-8DA0-0D1E88052C9C}
		{41A6F329-D965-44B2-AF18-882C8E83A085} = {2E291544-B661-445A-9686-460EA5618DEC}
		{1B84E98E-3DC0-4C0B-BC93-1922E380D282} = {F93E28BC-DC97-415E-AA5B-5A36536B9A9E}
		{84029042-33DA-4D02-B905-79ED781556A0} = {C9A8CECC-3B99-44EB-A979-B6061EE8F18C}
		{956D0070-3582-4905-B9C7-D4038D9DEA89} = {F93E28BC-DC97-415E-AA5B-5A36536B9A9E}
		{B60D66AA-3709-4508-BC7D-05E0A7F3BC47} = {C9A8CECC-3B99-44EB-A979-B6061EE8F18C}
	EndGlobalSection
	GlobalSection(ExtensibilityGlobals) = postSolution
		SolutionGuid = {48200F5C-9032-4CF8-8D38-6E1FF8BD2ED0}
	EndGlobalSection
EndGlobal
